# This is a Gradle generated file for dependency locking.
# Manual edits can break the build and are not advised.
# This file is expected to be part of source control.
io.github.gradle-nexus.publish-plugin:io.github.gradle-nexus.publish-plugin.gradle.plugin:2.0.0-rc-1=classpath
io.github.gradle-nexus:publish-plugin:2.0.0-rc-1=classpath
io.github.joselion.pretty-jupiter:io.github.joselion.pretty-jupiter.gradle.plugin:3.1.0=classpath
io.github.joselion.strict-null-check:io.github.joselion.strict-null-check.gradle.plugin:3.2.0=classpath
io.github.joselion:maybe:3.3.1=classpath
io.github.joselion:pretty-jupiter:3.1.0=classpath
io.github.joselion:strict-null-check:3.2.0=classpath
me.champeau.gradle.mrjar:plugin:0.1.1=classpath
me.champeau.mrjar:me.champeau.mrjar.gradle.plugin:0.1.1=classpath
name.remal.gradle-plugins.sonarlint:sonarlint:3.3.14=classpath
name.remal.sonarlint:name.remal.sonarlint.gradle.plugin:3.3.14=classpath
empty=
