# This is a Gradle generated file for dependency locking.
# Manual edits can break the build and are not advised.
# This file is expected to be part of source control.
backport-util-concurrent:backport-util-concurrent:3.1
classworlds:classworlds:1.1-alpha-2
com.github.joselion.pretty-jupiter:com.github.joselion.pretty-jupiter.gradle.plugin:1.0.0
com.google.guava:guava:19.0
com.jfrog.bintray.gradle:gradle-bintray-plugin:1.8.5
com.jfrog.bintray:com.jfrog.bintray.gradle.plugin:1.8.5
com.netflix.nebula:gradle-lint-plugin:16.7.0
com.netflix.nebula:nebula-gradle-interop:1.0.11
commons-beanutils:commons-beanutils:1.8.0
commons-codec:commons-codec:1.6
commons-collections:commons-collections:3.2.1
commons-lang:commons-lang:2.4
commons-logging:commons-logging:1.1.1
gradle.plugin.com.github.joselion.pretty-jupiter:pretty-jupiter:1.0.0
io.codearte.gradle.nexus:gradle-nexus-staging-plugin:0.21.2
io.codearte.nexus-staging:io.codearte.nexus-staging.gradle.plugin:0.21.2
javax.inject:javax.inject:1
junit:junit:3.8.1
nebula.lint:nebula.lint.gradle.plugin:16.7.0
nekohtml:nekohtml:1.9.6.2
nekohtml:xercesMinimal:1.9.6.2
net.sf.ezmorph:ezmorph:1.0.6
net.sf.json-lib:json-lib:2.3
net.sourceforge.nekohtml:nekohtml:1.9.16
org.apache.ant:ant-launcher:1.8.0
org.apache.ant:ant:1.8.0
org.apache.commons:commons-lang3:3.8.1
org.apache.httpcomponents:httpclient:4.2.1
org.apache.httpcomponents:httpcore:4.2.1
org.apache.maven.wagon:wagon-file:1.0-beta-6
org.apache.maven.wagon:wagon-http-lightweight:1.0-beta-6
org.apache.maven.wagon:wagon-http-shared:1.0-beta-6
org.apache.maven.wagon:wagon-provider-api:1.0-beta-6
org.apache.maven:maven-ant-tasks:2.1.3
org.apache.maven:maven-artifact-manager:2.2.1
org.apache.maven:maven-artifact:3.6.3
org.apache.maven:maven-builder-support:3.6.3
org.apache.maven:maven-error-diagnostics:2.2.1
org.apache.maven:maven-model-builder:3.6.3
org.apache.maven:maven-model:3.6.3
org.apache.maven:maven-plugin-registry:2.2.1
org.apache.maven:maven-profile:2.2.1
org.apache.maven:maven-project:2.2.1
org.apache.maven:maven-repository-metadata:2.2.1
org.apache.maven:maven-settings:2.2.1
org.codehaus.gpars:gpars:1.2.1
org.codehaus.groovy.modules.http-builder:http-builder:0.7.2
org.codehaus.jsr166-mirror:jsr166y:1.7.0
org.codehaus.plexus:plexus-container-default:1.0-alpha-9-stable-1
org.codehaus.plexus:plexus-interpolation:1.25
org.codehaus.plexus:plexus-utils:3.2.1
org.eclipse.sisu:org.eclipse.sisu.inject:0.3.4
org.jetbrains.kotlin:kotlin-stdlib-common:1.3.70
org.jetbrains.kotlin:kotlin-stdlib-jdk7:1.3.70
org.jetbrains.kotlin:kotlin-stdlib-jdk8:1.3.70
org.jetbrains.kotlin:kotlin-stdlib:1.3.70
org.jetbrains:annotations:13.0
org.multiverse:multiverse-core:0.7.0
org.sonarqube:org.sonarqube.gradle.plugin:2.8
org.sonarsource.scanner.api:sonar-scanner-api:2.14.0.2002
org.sonarsource.scanner.gradle:sonarqube-gradle-plugin:2.8
xerces:xercesImpl:2.9.1
xml-resolver:xml-resolver:1.2
