# This is a Gradle generated file for dependency locking.
# Manual edits can break the build and are not advised.
# This file is expected to be part of source control.
com.github.joselion.pretty-jupiter:com.github.joselion.pretty-jupiter.gradle.plugin:1.3.2
com.github.joselion.strict-null-check:com.github.joselion.strict-null-check.gradle.plugin:1.2.1
com.google.guava:guava:19.0
com.googlecode.javaewah:JavaEWAH:1.1.7
com.jcraft:jsch:0.1.55
com.jcraft:jzlib:1.1.1
com.netflix.nebula:gradle-lint-plugin:16.17.0
com.netflix.nebula:nebula-gradle-interop:1.0.11
commons-beanutils:commons-beanutils:1.8.0
commons-codec:commons-codec:1.6
commons-collections:commons-collections:3.2.1
commons-lang:commons-lang:2.4
commons-logging:commons-logging:1.1.1
gradle.plugin.com.github.joselion.pretty-jupiter:pretty-jupiter:1.3.2
gradle.plugin.com.github.joselion:plugin:1.2.1
io.codearte.gradle.nexus:gradle-nexus-staging-plugin:0.22.0
io.codearte.nexus-staging:io.codearte.nexus-staging.gradle.plugin:0.22.0
javax.inject:javax.inject:1
name.remal.sonarlint:name.remal.sonarlint.gradle.plugin:1.2.2
name.remal.tools:common:1.26.147
name.remal:gradle-plugins-api:1.2.2
name.remal:gradle-plugins-kotlin-dsl:1.2.2
name.remal:gradle-plugins:1.2.2
nebula.lint:nebula.lint.gradle.plugin:16.17.0
net.sf.ezmorph:ezmorph:1.0.6
net.sf.json-lib:json-lib:2.3
net.sourceforge.nekohtml:nekohtml:1.9.16
org.apache.commons:commons-lang3:3.8.1
org.apache.httpcomponents:httpclient:4.2.1
org.apache.httpcomponents:httpcore:4.2.1
org.apache.maven:maven-artifact:3.6.3
org.apache.maven:maven-builder-support:3.6.3
org.apache.maven:maven-model-builder:3.6.3
org.apache.maven:maven-model:3.6.3
org.codehaus.gpars:gpars:1.2.1
org.codehaus.groovy.modules.http-builder:http-builder:0.7.1
org.codehaus.jsr166-mirror:jsr166y:1.7.0
org.codehaus.plexus:plexus-interpolation:1.25
org.codehaus.plexus:plexus-utils:3.2.1
org.eclipse.jgit:org.eclipse.jgit.ssh.jsch:5.10.0.202012080955-r
org.eclipse.jgit:org.eclipse.jgit:5.10.0.202012080955-r
org.eclipse.sisu:org.eclipse.sisu.inject:0.3.4
org.jdom:jdom2:2.0.6
org.jetbrains.kotlin:kotlin-stdlib-common:1.3.70
org.jetbrains.kotlin:kotlin-stdlib-jdk7:1.3.70
org.jetbrains.kotlin:kotlin-stdlib-jdk8:1.3.70
org.jetbrains.kotlin:kotlin-stdlib:1.3.70
org.jetbrains:annotations:13.0
org.multiverse:multiverse-core:0.7.0
org.ow2.asm:asm-analysis:9.0
org.ow2.asm:asm-commons:9.0
org.ow2.asm:asm-tree:9.0
org.ow2.asm:asm-util:9.0
org.ow2.asm:asm:9.0
xerces:xercesImpl:2.9.1
xml-resolver:xml-resolver:1.2
